
Microsoft Visual Studio Solution File, Format Version 12.00
# Visual Studio 2013
VisualStudioVersion = 12.0.40629.0
MinimumVisualStudioVersion = 10.0.40219.1
Project("{2150E333-8FDC-42A3-9474-1A3956D46DE8}") = "doc", "doc", "{9012DD46-7E06-4F36-BDB3-8B122B2C102F}"
	ProjectSection(SolutionItems) = preProject
		CHANGELOG = CHANGELOG
		README.md = README.md
		VERSION = VERSION
	EndProjectSection
EndProject
Project("{FAE04EC0-301F-11D3-BF4B-00C04F79EFBC}") = "Update", "src\Update\Update.csproj", "{62A86C88-5741-4261-94A1-254BC86331D4}"
EndProject
Global
	GlobalSection(SolutionConfigurationPlatforms) = preSolution
		Debug|Any CPU = Debug|Any CPU
		Release|Any CPU = Release|Any CPU
	EndGlobalSection
	GlobalSection(ProjectConfigurationPlatforms) = postSolution
		{62A86C88-5741-4261-94A1-254BC86331D4}.Debug|Any CPU.ActiveCfg = Debug|Any CPU
		{62A86C88-5741-4261-94A1-254BC86331D4}.Debug|Any CPU.Build.0 = Debug|Any CPU
		{62A86C88-5741-4261-94A1-254BC86331D4}.Release|Any CPU.ActiveCfg = Release|Any CPU
		{62A86C88-5741-4261-94A1-254BC86331D4}.Release|Any CPU.Build.0 = Release|Any CPU
	EndGlobalSection
	GlobalSection(SolutionProperties) = preSolution
		HideSolutionNode = FALSE
	EndGlobalSection
EndGlobal
